Microsoft Visual Studio Solution File, Format Version 12.00
# Visual Studio Version 16
VisualStudioVersion = 16.0.28803.452
MinimumVisualStudioVersion = 10.0.40219.1
Project("{9A19103F-16F7-4668-BE54-9A1E7A4F7556}") = "Neo.SmartContract.Framework", "src\Neo.SmartContract.Framework\Neo.SmartContract.Framework.csproj", "{C30B5859-D4B9-46E8-A797-6B0A1B49B590}"
EndProject
Project("{9A19103F-16F7-4668-BE54-9A1E7A4F7556}") = "Neo.Compiler.MSIL", "src\Neo.Compiler.MSIL\Neo.Compiler.MSIL.csproj", "{42C0FF0F-0A7C-4166-A773-1F944642C209}"
EndProject
Project("{2150E333-8FDC-42A3-9474-1A3956D46DE8}") = "src", "src", "{79389FC0-C621-4CEA-AD2B-6074C32E7BCA}"
EndProject
Global
	GlobalSection(SolutionConfigurationPlatforms) = preSolution
		Debug|Any CPU = Debug|Any CPU
		Release|Any CPU = Release|Any CPU
	EndGlobalSection
	GlobalSection(ProjectConfigurationPlatforms) = postSolution
		{C30B5859-D4B9-46E8-A797-6B0A1B49B590}.Debug|Any CPU.ActiveCfg = Debug|Any CPU
		{C30B5859-D4B9-46E8-A797-6B0A1B49B590}.Debug|Any CPU.Build.0 = Debug|Any CPU
		{C30B5859-D4B9-46E8-A797-6B0A1B49B590}.Release|Any CPU.ActiveCfg = Release|Any CPU
		{C30B5859-D4B9-46E8-A797-6B0A1B49B590}.Release|Any CPU.Build.0 = Release|Any CPU
		{42C0FF0F-0A7C-4166-A773-1F944642C209}.Debug|Any CPU.ActiveCfg = Debug|Any CPU
		{42C0FF0F-0A7C-4166-A773-1F944642C209}.Debug|Any CPU.Build.0 = Debug|Any CPU
		{42C0FF0F-0A7C-4166-A773-1F944642C209}.Release|Any CPU.ActiveCfg = Release|Any CPU
		{42C0FF0F-0A7C-4166-A773-1F944642C209}.Release|Any CPU.Build.0 = Release|Any CPU
	EndGlobalSection
	GlobalSection(SolutionProperties) = preSolution
		HideSolutionNode = FALSE
	EndGlobalSection
	GlobalSection(NestedProjects) = preSolution
		{C30B5859-D4B9-46E8-A797-6B0A1B49B590} = {79389FC0-C621-4CEA-AD2B-6074C32E7BCA}
		{42C0FF0F-0A7C-4166-A773-1F944642C209} = {79389FC0-C621-4CEA-AD2B-6074C32E7BCA}
	EndGlobalSection
	GlobalSection(ExtensibilityGlobals) = postSolution
		SolutionGuid = {6DA935E1-C674-4364-B087-F1B511B79215}
	EndGlobalSection
EndGlobal
